
Microsoft Visual Studio Solution File, Format Version 12.00
# Visual Studio Version 16
VisualStudioVersion = 16.0.29209.62
MinimumVisualStudioVersion = 10.0.40219.1
Project("{FAE04EC0-301F-11D3-BF4B-00C04F79EFBC}") = "HeThongSapLich", "HeThongSapLich\HeThongSapLich.csproj", "{7BEEAEB9-8F90-4A22-A9C5-73679C807B6D}"
EndProject
Global
	GlobalSection(SolutionConfigurationPlatforms) = preSolution
		Debug|Any CPU = Debug|Any CPU
		Release|Any CPU = Release|Any CPU
	EndGlobalSection
	GlobalSection(ProjectConfigurationPlatforms) = postSolution
		{7BEEAEB9-8F90-4A22-A9C5-73679C807B6D}.Debug|Any CPU.ActiveCfg = Debug|Any CPU
		{7BEEAEB9-8F90-4A22-A9C5-73679C807B6D}.Debug|Any CPU.Build.0 = Debug|Any CPU
		{7BEEAEB9-8F90-4A22-A9C5-73679C807B6D}.Release|Any CPU.ActiveCfg = Release|Any CPU
		{7BEEAEB9-8F90-4A22-A9C5-73679C807B6D}.Release|Any CPU.Build.0 = Release|Any CPU
	EndGlobalSection
	GlobalSection(SolutionProperties) = preSolution
		HideSolutionNode = FALSE
	EndGlobalSection
	GlobalSection(ExtensibilityGlobals) = postSolution
		SolutionGuid = {875D41EC-0338-465C-904D-05F286F5AD94}
	EndGlobalSection
EndGlobal
